
Microsoft Visual Studio Solution File, Format Version 12.00
# Visual Studio Version 17
VisualStudioVersion = 17.11.35303.130
MinimumVisualStudioVersion = 10.0.40219.1
Project("{FAE04EC0-301F-11D3-BF4B-00C04F79EFBC}") = "Exemplo_1", "Exemplo_1.csproj", "{02600B5D-A558-46CE-8E6C-2C5F39871B55}"
EndProject
Global
	GlobalSection(SolutionConfigurationPlatforms) = preSolution
		Debug|Any CPU = Debug|Any CPU
		Release|Any CPU = Release|Any CPU
	EndGlobalSection
	GlobalSection(ProjectConfigurationPlatforms) = postSolution
		{02600B5D-A558-46CE-8E6C-2C5F39871B55}.Debug|Any CPU.ActiveCfg = Debug|Any CPU
		{02600B5D-A558-46CE-8E6C-2C5F39871B55}.Debug|Any CPU.Build.0 = Debug|Any CPU
		{02600B5D-A558-46CE-8E6C-2C5F39871B55}.Release|Any CPU.ActiveCfg = Release|Any CPU
		{02600B5D-A558-46CE-8E6C-2C5F39871B55}.Release|Any CPU.Build.0 = Release|Any CPU
	EndGlobalSection
	GlobalSection(SolutionProperties) = preSolution
		HideSolutionNode = FALSE
	EndGlobalSection
	GlobalSection(ExtensibilityGlobals) = postSolution
		SolutionGuid = {92492FA9-9B31-469E-A66D-67DB651138D0}
	EndGlobalSection
EndGlobal
